{
  "version": 4,
  "terraform_version": "1.7.3",
  "serial": 105,
  "lineage": "29e6940b-d087-145b-2076-f84360e4d8aa",
  "outputs": {
    "aws_bucket_name": {
      "value": "i3h-dev-app-state-v2",
      "type": "string"
    }
  },
  "resources": [
    {
      "mode": "data",
      "type": "archive_file",
      "name": "application_state_lambda",
      "provider": "provider[\"registry.terraform.io/hashicorp/archive\"]",
      "instances": [
        {
          "schema_version": 0,
          "attributes": {
            "exclude_symlink_directories": null,
            "excludes": null,
            "id": "c60ae30c968835dbd7342c9748a66d7bf4373c17",
            "output_base64sha256": "CZOhXkicsAF3DXmKGCJKjJuuL/KasVBf4YQmRwas6TU=",
            "output_base64sha512": "THJP81w7/TyxPqKzihkXuDDO6qjNKE7zeRuiywpyS8Su+0JI0lE9q8iLigdAbzeWpGw2W5ih6v9Q5jITf40IDg==",
            "output_file_mode": null,
            "output_md5": "6c587d2f6700403d83934cc45fc8f119",
            "output_path": "./application-state-lambda.zip",
            "output_sha": "c60ae30c968835dbd7342c9748a66d7bf4373c17",
            "output_sha256": "0993a15e489cb001770d798a18224a8c9bae2ff29ab1505fe184264706ace935",
            "output_sha512": "4c724ff35c3bfd3cb13ea2b38a1917b830ceeaa8cd284ef3791ba2cb0a724bc4aefb4248d2513dabc88b8a07406f3796a46c365b98a1eaff50e632137f8d080e",
            "output_size": 893,
            "source": [],
            "source_content": null,
            "source_content_filename": null,
            "source_dir": "./application-state-lambda",
            "source_file": null,
            "type": "zip"
          },
          "sensitive_attributes": []
        }
      ]
    },
    {
      "mode": "data",
      "type": "aws_iam_policy_document",
      "name": "assume_role",
      "provider": "provider[\"registry.terraform.io/hashicorp/aws\"]",
      "instances": [
        {
          "schema_version": 0,
          "attributes": {
            "id": "2690255455",
            "json": "{\n  \"Version\": \"2012-10-17\",\n  \"Statement\": [\n    {\n      \"Effect\": \"Allow\",\n      \"Action\": \"sts:AssumeRole\",\n      \"Principal\": {\n        \"Service\": \"lambda.amazonaws.com\"\n      }\n    }\n  ]\n}",
            "override_policy_documents": null,
            "policy_id": null,
            "source_policy_documents": null,
            "statement": [
              {
                "actions": [
                  "sts:AssumeRole"
                ],
                "condition": [],
                "effect": "Allow",
                "not_actions": [],
                "not_principals": [],
                "not_resources": [],
                "principals": [
                  {
                    "identifiers": [
                      "lambda.amazonaws.com"
                    ],
                    "type": "Service"
                  }
                ],
                "resources": [],
                "sid": ""
              }
            ],
            "version": "2012-10-17"
          },
          "sensitive_attributes": []
        }
      ]
    },
    {
      "mode": "data",
      "type": "aws_iam_policy_document",
      "name": "iam_policy_document_state",
      "provider": "provider[\"registry.terraform.io/hashicorp/aws\"]",
      "instances": [
        {
          "schema_version": 0,
          "attributes": {
            "id": "3020310275",
            "json": "{\n  \"Version\": \"2012-10-17\",\n  \"Statement\": [\n    {\n      \"Sid\": \"CloudwatchPermissions\",\n      \"Effect\": \"Allow\",\n      \"Action\": [\n        \"logs:PutLogEvents\",\n        \"logs:CreateLogStream\",\n        \"logs:CreateLogGroup\"\n      ],\n      \"Resource\": \"*\"\n    },\n    {\n      \"Sid\": \"ECSPassRole\",\n      \"Effect\": \"Allow\",\n      \"Action\": \"iam:PassRole\",\n      \"Resource\": \"*\"\n    },\n    {\n      \"Sid\": \"S3Permissions\",\n      \"Effect\": \"Allow\",\n      \"Action\": \"s3:GetObject\",\n      \"Resource\": \"*\"\n    },\n    {\n      \"Sid\": \"LambdaAccessToDynamoDB\",\n      \"Effect\": \"Allow\",\n      \"Action\": [\n        \"dynamodb:UpdateItem\",\n        \"dynamodb:Scan\",\n        \"dynamodb:Query\",\n        \"dynamodb:PutItem\",\n        \"dynamodb:GetItem\",\n        \"dynamodb:BatchWriteItem\",\n        \"dynamodb:BatchGetItem\"\n      ],\n      \"Resource\": [\n        \"arn:aws:dynamodb:us-east-1:537996532276:table/applications-table/*\",\n        \"arn:aws:dynamodb:us-east-1:537996532276:table/applications-table\"\n      ]\n    }\n  ]\n}",
            "override_policy_documents": null,
            "policy_id": null,
            "source_policy_documents": null,
            "statement": [
              {
                "actions": [
                  "logs:CreateLogGroup",
                  "logs:CreateLogStream",
                  "logs:PutLogEvents"
                ],
                "condition": [],
                "effect": "Allow",
                "not_actions": [],
                "not_principals": [],
                "not_resources": [],
                "principals": [],
                "resources": [
                  "*"
                ],
                "sid": "CloudwatchPermissions"
              },
              {
                "actions": [
                  "iam:PassRole"
                ],
                "condition": [],
                "effect": "Allow",
                "not_actions": [],
                "not_principals": [],
                "not_resources": [],
                "principals": [],
                "resources": [
                  "*"
                ],
                "sid": "ECSPassRole"
              },
              {
                "actions": [
                  "s3:GetObject"
                ],
                "condition": [],
                "effect": "Allow",
                "not_actions": [],
                "not_principals": [],
                "not_resources": [],
                "principals": [],
                "resources": [
                  "*"
                ],
                "sid": "S3Permissions"
              },
              {
                "actions": [
                  "dynamodb:BatchGetItem",
                  "dynamodb:BatchWriteItem",
                  "dynamodb:GetItem",
                  "dynamodb:PutItem",
                  "dynamodb:Query",
                  "dynamodb:Scan",
                  "dynamodb:UpdateItem"
                ],
                "condition": [],
                "effect": "Allow",
                "not_actions": [],
                "not_principals": [],
                "not_resources": [],
                "principals": [],
                "resources": [
                  "arn:aws:dynamodb:us-east-1:537996532276:table/applications-table",
                  "arn:aws:dynamodb:us-east-1:537996532276:table/applications-table/*"
                ],
                "sid": "LambdaAccessToDynamoDB"
              }
            ],
            "version": "2012-10-17"
          },
          "sensitive_attributes": []
        }
      ]
    },
    {
      "mode": "managed",
      "type": "aws_cloudwatch_log_group",
      "name": "application_state-lambda",
      "provider": "provider[\"registry.terraform.io/hashicorp/aws\"]",
      "instances": [
        {
          "schema_version": 0,
          "attributes": {
            "arn": "arn:aws:logs:us-east-1:537996532276:log-group:/aws/lambda/application-state-d7cda8e4-c902-a3c0-71b3-0247f0f9a6ab",
            "id": "/aws/lambda/application-state-d7cda8e4-c902-a3c0-71b3-0247f0f9a6ab",
            "kms_key_id": "",
            "log_group_class": "STANDARD",
            "name": "/aws/lambda/application-state-d7cda8e4-c902-a3c0-71b3-0247f0f9a6ab",
            "name_prefix": "",
            "retention_in_days": 30,
            "skip_destroy": false,
            "tags": {},
            "tags_all": {}
          },
          "sensitive_attributes": [],
          "private": "bnVsbA==",
          "dependencies": [
            "aws_dynamodb_table.applications_table",
            "aws_iam_role.iam_for_lambda",
            "aws_lambda_function.application_state",
            "aws_s3_bucket.lambda_bucket",
            "aws_s3_object.application_state_lambda",
            "data.archive_file.application_state_lambda",
            "data.aws_iam_policy_document.assume_role",
            "random_uuid.val"
          ]
        }
      ]
    },
    {
      "mode": "managed",
      "type": "aws_dynamodb_table",
      "name": "applications_table",
      "provider": "provider[\"registry.terraform.io/hashicorp/aws\"]",
      "instances": [
        {
          "schema_version": 1,
          "attributes": {
            "arn": "arn:aws:dynamodb:us-east-1:537996532276:table/applications-table",
            "attribute": [
              {
                "name": "app_id",
                "type": "S"
              }
            ],
            "billing_mode": "PAY_PER_REQUEST",
            "deletion_protection_enabled": false,
            "global_secondary_index": [],
            "hash_key": "app_id",
            "id": "applications-table",
            "import_table": [],
            "local_secondary_index": [],
            "name": "applications-table",
            "point_in_time_recovery": [
              {
                "enabled": false
              }
            ],
            "range_key": null,
            "read_capacity": 0,
            "replica": [],
            "restore_date_time": null,
            "restore_source_name": null,
            "restore_to_latest_time": null,
            "server_side_encryption": [],
            "stream_arn": "",
            "stream_enabled": false,
            "stream_label": "",
            "stream_view_type": "",
            "table_class": "STANDARD",
            "tags": {},
            "tags_all": {},
            "timeouts": null,
            "ttl": [
              {
                "attribute_name": "TimeToExist",
                "enabled": true
              }
            ],
            "write_capacity": 0
          },
          "sensitive_attributes": [],
          "private": "eyJlMmJmYjczMC1lY2FhLTExZTYtOGY4OC0zNDM2M2JjN2M0YzAiOnsiY3JlYXRlIjoxODAwMDAwMDAwMDAwLCJkZWxldGUiOjYwMDAwMDAwMDAwMCwidXBkYXRlIjozNjAwMDAwMDAwMDAwfSwic2NoZW1hX3ZlcnNpb24iOiIxIn0="
        }
      ]
    },
    {
      "mode": "managed",
      "type": "aws_iam_policy",
      "name": "lambda_iam_policy",
      "provider": "provider[\"registry.terraform.io/hashicorp/aws\"]",
      "instances": [
        {
          "schema_version": 0,
          "attributes": {
            "arn": "arn:aws:iam::537996532276:policy/lambda-iam-policy-d7cda8e4-c902-a3c0-71b3-0247f0f9a6ab",
            "description": "",
            "id": "arn:aws:iam::537996532276:policy/lambda-iam-policy-d7cda8e4-c902-a3c0-71b3-0247f0f9a6ab",
            "name": "lambda-iam-policy-d7cda8e4-c902-a3c0-71b3-0247f0f9a6ab",
            "name_prefix": "",
            "path": "/",
            "policy": "{\"Statement\":[{\"Action\":[\"logs:PutLogEvents\",\"logs:CreateLogStream\",\"logs:CreateLogGroup\"],\"Effect\":\"Allow\",\"Resource\":\"*\",\"Sid\":\"CloudwatchPermissions\"},{\"Action\":\"iam:PassRole\",\"Effect\":\"Allow\",\"Resource\":\"*\",\"Sid\":\"ECSPassRole\"},{\"Action\":\"s3:GetObject\",\"Effect\":\"Allow\",\"Resource\":\"*\",\"Sid\":\"S3Permissions\"},{\"Action\":[\"dynamodb:UpdateItem\",\"dynamodb:Scan\",\"dynamodb:Query\",\"dynamodb:PutItem\",\"dynamodb:GetItem\",\"dynamodb:BatchWriteItem\",\"dynamodb:BatchGetItem\"],\"Effect\":\"Allow\",\"Resource\":[\"arn:aws:dynamodb:us-east-1:537996532276:table/applications-table/*\",\"arn:aws:dynamodb:us-east-1:537996532276:table/applications-table\"],\"Sid\":\"LambdaAccessToDynamoDB\"}],\"Version\":\"2012-10-17\"}",
            "policy_id": "ANPAX2QYXTI2HL3PYQRIA",
            "tags": {},
            "tags_all": {}
          },
          "sensitive_attributes": [],
          "private": "bnVsbA==",
          "dependencies": [
            "aws_dynamodb_table.applications_table",
            "data.aws_iam_policy_document.iam_policy_document_state",
            "random_uuid.val"
          ]
        }
      ]
    },
    {
      "mode": "managed",
      "type": "aws_iam_role",
      "name": "iam_for_lambda",
      "provider": "provider[\"registry.terraform.io/hashicorp/aws\"]",
      "instances": [
        {
          "schema_version": 0,
          "attributes": {
            "arn": "arn:aws:iam::537996532276:role/iam_for_lambda-d7cda8e4-c902-a3c0-71b3-0247f0f9a6ab",
            "assume_role_policy": "{\"Statement\":[{\"Action\":\"sts:AssumeRole\",\"Effect\":\"Allow\",\"Principal\":{\"Service\":\"lambda.amazonaws.com\"}}],\"Version\":\"2012-10-17\"}",
            "create_date": "2024-02-08T15:09:27Z",
            "description": "",
            "force_detach_policies": false,
            "id": "iam_for_lambda-d7cda8e4-c902-a3c0-71b3-0247f0f9a6ab",
            "inline_policy": [],
            "managed_policy_arns": [
              "arn:aws:iam::537996532276:policy/lambda-iam-policy-d7cda8e4-c902-a3c0-71b3-0247f0f9a6ab"
            ],
            "max_session_duration": 3600,
            "name": "iam_for_lambda-d7cda8e4-c902-a3c0-71b3-0247f0f9a6ab",
            "name_prefix": "",
            "path": "/",
            "permissions_boundary": "",
            "tags": {},
            "tags_all": {},
            "unique_id": "AROAX2QYXTI2EAR37FTCF"
          },
          "sensitive_attributes": [],
          "private": "bnVsbA==",
          "dependencies": [
            "data.aws_iam_policy_document.assume_role",
            "random_uuid.val"
          ]
        }
      ]
    },
    {
      "mode": "managed",
      "type": "aws_iam_role_policy_attachment",
      "name": "lambda_policy_ecs",
      "provider": "provider[\"registry.terraform.io/hashicorp/aws\"]",
      "instances": [
        {
          "schema_version": 0,
          "attributes": {
            "id": "iam_for_lambda-d7cda8e4-c902-a3c0-71b3-0247f0f9a6ab-20240208150927488600000001",
            "policy_arn": "arn:aws:iam::537996532276:policy/lambda-iam-policy-d7cda8e4-c902-a3c0-71b3-0247f0f9a6ab",
            "role": "iam_for_lambda-d7cda8e4-c902-a3c0-71b3-0247f0f9a6ab"
          },
          "sensitive_attributes": [],
          "private": "bnVsbA==",
          "dependencies": [
            "aws_dynamodb_table.applications_table",
            "aws_iam_policy.lambda_iam_policy",
            "aws_iam_role.iam_for_lambda",
            "data.aws_iam_policy_document.assume_role",
            "data.aws_iam_policy_document.iam_policy_document_state",
            "random_uuid.val"
          ]
        }
      ]
    },
    {
      "mode": "managed",
      "type": "aws_lambda_function",
      "name": "application_state",
      "provider": "provider[\"registry.terraform.io/hashicorp/aws\"]",
      "instances": [
        {
          "schema_version": 0,
          "attributes": {
            "architectures": [
              "x86_64"
            ],
            "arn": "arn:aws:lambda:us-east-1:537996532276:function:application-state-d7cda8e4-c902-a3c0-71b3-0247f0f9a6ab",
            "code_signing_config_arn": "",
            "dead_letter_config": [],
            "description": "Application State Management",
            "environment": [
              {
                "variables": {
                  "APPLICATIONS_TABLE": "applications-table"
                }
              }
            ],
            "ephemeral_storage": [
              {
                "size": 512
              }
            ],
            "file_system_config": [],
            "filename": null,
            "function_name": "application-state-d7cda8e4-c902-a3c0-71b3-0247f0f9a6ab",
            "handler": "application-state.lambda_handler",
            "id": "application-state-d7cda8e4-c902-a3c0-71b3-0247f0f9a6ab",
            "image_config": [],
            "image_uri": "",
            "invoke_arn": "arn:aws:apigateway:us-east-1:lambda:path/2015-03-31/functions/arn:aws:lambda:us-east-1:537996532276:function:application-state-d7cda8e4-c902-a3c0-71b3-0247f0f9a6ab/invocations",
            "kms_key_arn": "",
            "last_modified": "2024-02-09T20:33:55.000+0000",
            "layers": [],
            "logging_config": [
              {
                "application_log_level": "",
                "log_format": "Text",
                "log_group": "/aws/lambda/application-state-d7cda8e4-c902-a3c0-71b3-0247f0f9a6ab",
                "system_log_level": ""
              }
            ],
            "memory_size": 128,
            "package_type": "Zip",
            "publish": false,
            "qualified_arn": "arn:aws:lambda:us-east-1:537996532276:function:application-state-d7cda8e4-c902-a3c0-71b3-0247f0f9a6ab:$LATEST",
            "qualified_invoke_arn": "arn:aws:apigateway:us-east-1:lambda:path/2015-03-31/functions/arn:aws:lambda:us-east-1:537996532276:function:application-state-d7cda8e4-c902-a3c0-71b3-0247f0f9a6ab:$LATEST/invocations",
            "replace_security_groups_on_destroy": null,
            "replacement_security_group_ids": null,
            "reserved_concurrent_executions": -1,
            "role": "arn:aws:iam::537996532276:role/iam_for_lambda-d7cda8e4-c902-a3c0-71b3-0247f0f9a6ab",
            "runtime": "python3.7",
            "s3_bucket": "d7cda8e4-c902-a3c0-71b3-0247f0f9a6ab",
            "s3_key": "application-state-lambda.zip",
            "s3_object_version": null,
            "signing_job_arn": "",
            "signing_profile_version_arn": "",
            "skip_destroy": false,
            "snap_start": [],
            "source_code_hash": "CZOhXkicsAF3DXmKGCJKjJuuL/KasVBf4YQmRwas6TU=",
            "source_code_size": 893,
            "tags": {},
            "tags_all": {},
            "timeout": 60,
            "timeouts": null,
            "tracing_config": [
              {
                "mode": "PassThrough"
              }
            ],
            "version": "$LATEST",
            "vpc_config": []
          },
          "sensitive_attributes": [],
          "private": "eyJlMmJmYjczMC1lY2FhLTExZTYtOGY4OC0zNDM2M2JjN2M0YzAiOnsiY3JlYXRlIjo2MDAwMDAwMDAwMDAsImRlbGV0ZSI6NjAwMDAwMDAwMDAwLCJ1cGRhdGUiOjYwMDAwMDAwMDAwMH19",
          "dependencies": [
            "aws_dynamodb_table.applications_table",
            "aws_iam_role.iam_for_lambda",
            "aws_s3_bucket.lambda_bucket",
            "aws_s3_object.application_state_lambda",
            "data.archive_file.application_state_lambda",
            "data.aws_iam_policy_document.assume_role",
            "random_uuid.val"
          ]
        }
      ]
    },
    {
      "mode": "managed",
      "type": "aws_lambda_function_url",
      "name": "app_state",
      "provider": "provider[\"registry.terraform.io/hashicorp/aws\"]",
      "instances": [
        {
          "schema_version": 0,
          "attributes": {
            "authorization_type": "NONE",
            "cors": [],
            "function_arn": "arn:aws:lambda:us-east-1:537996532276:function:application-state-d7cda8e4-c902-a3c0-71b3-0247f0f9a6ab",
            "function_name": "application-state-d7cda8e4-c902-a3c0-71b3-0247f0f9a6ab",
            "function_url": "https://jfka4ubhrtm57l6w5vidwnnyrm0hiwlt.lambda-url.us-east-1.on.aws/",
            "id": "application-state-d7cda8e4-c902-a3c0-71b3-0247f0f9a6ab",
            "invoke_mode": "BUFFERED",
            "qualifier": "",
            "timeouts": null,
            "url_id": "jfka4ubhrtm57l6w5vidwnnyrm0hiwlt"
          },
          "sensitive_attributes": [],
          "private": "eyJlMmJmYjczMC1lY2FhLTExZTYtOGY4OC0zNDM2M2JjN2M0YzAiOnsiY3JlYXRlIjo2MDAwMDAwMDAwMDB9fQ==",
          "dependencies": [
            "aws_dynamodb_table.applications_table",
            "aws_iam_role.iam_for_lambda",
            "aws_lambda_function.application_state",
            "aws_s3_bucket.lambda_bucket",
            "aws_s3_object.application_state_lambda",
            "data.archive_file.application_state_lambda",
            "data.aws_iam_policy_document.assume_role",
            "random_uuid.val"
          ]
        }
      ]
    },
    {
      "mode": "managed",
      "type": "aws_lambda_permission",
      "name": "allow_bucket",
      "provider": "provider[\"registry.terraform.io/hashicorp/aws\"]",
      "instances": [
        {
          "schema_version": 0,
          "attributes": {
            "action": "lambda:InvokeFunction",
            "event_source_token": null,
            "function_name": "arn:aws:lambda:us-east-1:537996532276:function:application-state-d7cda8e4-c902-a3c0-71b3-0247f0f9a6ab",
            "function_url_auth_type": null,
            "id": "AllowExecutionFromS3Bucket",
            "principal": "s3.amazonaws.com",
            "principal_org_id": null,
            "qualifier": "",
            "source_account": null,
            "source_arn": "arn:aws:s3:::i3h-dev-app-state-v2",
            "statement_id": "AllowExecutionFromS3Bucket",
            "statement_id_prefix": ""
          },
          "sensitive_attributes": [],
          "private": "bnVsbA==",
          "dependencies": [
            "aws_dynamodb_table.applications_table",
            "aws_iam_role.iam_for_lambda",
            "aws_lambda_function.application_state",
            "aws_s3_bucket.lambda_bucket",
            "aws_s3_bucket.terraform_state",
            "aws_s3_object.application_state_lambda",
            "data.archive_file.application_state_lambda",
            "data.aws_iam_policy_document.assume_role",
            "random_uuid.val"
          ]
        }
      ]
    },
    {
      "mode": "managed",
      "type": "aws_s3_bucket",
      "name": "lambda_bucket",
      "provider": "provider[\"registry.terraform.io/hashicorp/aws\"]",
      "instances": [
        {
          "schema_version": 0,
          "attributes": {
            "acceleration_status": "",
            "acl": null,
            "arn": "arn:aws:s3:::d7cda8e4-c902-a3c0-71b3-0247f0f9a6ab",
            "bucket": "d7cda8e4-c902-a3c0-71b3-0247f0f9a6ab",
            "bucket_domain_name": "d7cda8e4-c902-a3c0-71b3-0247f0f9a6ab.s3.amazonaws.com",
            "bucket_prefix": "",
            "bucket_regional_domain_name": "d7cda8e4-c902-a3c0-71b3-0247f0f9a6ab.s3.us-east-1.amazonaws.com",
            "cors_rule": [],
            "force_destroy": false,
            "grant": [
              {
                "id": "dfff2e03fceaaf2d3b6b2df3392a6f117946e3a6f6ec3e8241e9e9c696ca4a1e",
                "permissions": [
                  "FULL_CONTROL"
                ],
                "type": "CanonicalUser",
                "uri": ""
              }
            ],
            "hosted_zone_id": "Z3AQBSTGFYJSTF",
            "id": "d7cda8e4-c902-a3c0-71b3-0247f0f9a6ab",
            "lifecycle_rule": [],
            "logging": [],
            "object_lock_configuration": [],
            "object_lock_enabled": false,
            "policy": "",
            "region": "us-east-1",
            "replication_configuration": [],
            "request_payer": "BucketOwner",
            "server_side_encryption_configuration": [
              {
                "rule": [
                  {
                    "apply_server_side_encryption_by_default": [
                      {
                        "kms_master_key_id": "",
                        "sse_algorithm": "AES256"
                      }
                    ],
                    "bucket_key_enabled": false
                  }
                ]
              }
            ],
            "tags": {},
            "tags_all": {},
            "timeouts": null,
            "versioning": [
              {
                "enabled": false,
                "mfa_delete": false
              }
            ],
            "website": [],
            "website_domain": null,
            "website_endpoint": null
          },
          "sensitive_attributes": [],
          "private": "eyJlMmJmYjczMC1lY2FhLTExZTYtOGY4OC0zNDM2M2JjN2M0YzAiOnsiY3JlYXRlIjoxMjAwMDAwMDAwMDAwLCJkZWxldGUiOjM2MDAwMDAwMDAwMDAsInJlYWQiOjEyMDAwMDAwMDAwMDAsInVwZGF0ZSI6MTIwMDAwMDAwMDAwMH19",
          "dependencies": [
            "random_uuid.val"
          ]
        }
      ]
    },
    {
      "mode": "managed",
      "type": "aws_s3_bucket",
      "name": "terraform_state",
      "provider": "provider[\"registry.terraform.io/hashicorp/aws\"]",
      "instances": [
        {
          "schema_version": 0,
          "attributes": {
            "acceleration_status": "",
            "acl": null,
            "arn": "arn:aws:s3:::i3h-dev-app-state-v2",
            "bucket": "i3h-dev-app-state-v2",
            "bucket_domain_name": "i3h-dev-app-state-v2.s3.amazonaws.com",
            "bucket_prefix": "",
            "bucket_regional_domain_name": "i3h-dev-app-state-v2.s3.us-east-1.amazonaws.com",
            "cors_rule": [],
            "force_destroy": false,
            "grant": [
              {
                "id": "dfff2e03fceaaf2d3b6b2df3392a6f117946e3a6f6ec3e8241e9e9c696ca4a1e",
                "permissions": [
                  "FULL_CONTROL"
                ],
                "type": "CanonicalUser",
                "uri": ""
              }
            ],
            "hosted_zone_id": "Z3AQBSTGFYJSTF",
            "id": "i3h-dev-app-state-v2",
            "lifecycle_rule": [],
            "logging": [],
            "object_lock_configuration": [],
            "object_lock_enabled": false,
            "policy": "",
            "region": "us-east-1",
            "replication_configuration": [],
            "request_payer": "BucketOwner",
            "server_side_encryption_configuration": [
              {
                "rule": [
                  {
                    "apply_server_side_encryption_by_default": [
                      {
                        "kms_master_key_id": "",
                        "sse_algorithm": "AES256"
                      }
                    ],
                    "bucket_key_enabled": false
                  }
                ]
              }
            ],
            "tags": {},
            "tags_all": {},
            "timeouts": null,
            "versioning": [
              {
                "enabled": true,
                "mfa_delete": false
              }
            ],
            "website": [],
            "website_domain": null,
            "website_endpoint": null
          },
          "sensitive_attributes": [],
          "private": "eyJlMmJmYjczMC1lY2FhLTExZTYtOGY4OC0zNDM2M2JjN2M0YzAiOnsiY3JlYXRlIjoxMjAwMDAwMDAwMDAwLCJkZWxldGUiOjM2MDAwMDAwMDAwMDAsInJlYWQiOjEyMDAwMDAwMDAwMDAsInVwZGF0ZSI6MTIwMDAwMDAwMDAwMH19"
        }
      ]
    },
    {
      "mode": "managed",
      "type": "aws_s3_bucket_acl",
      "name": "bucket_acl",
      "provider": "provider[\"registry.terraform.io/hashicorp/aws\"]",
      "instances": [
        {
          "schema_version": 0,
          "attributes": {
            "access_control_policy": [
              {
                "grant": [
                  {
                    "grantee": [
                      {
                        "display_name": "isc-cloudservices-admin+aws-ps-analytics-psom",
                        "email_address": "",
                        "id": "dfff2e03fceaaf2d3b6b2df3392a6f117946e3a6f6ec3e8241e9e9c696ca4a1e",
                        "type": "CanonicalUser",
                        "uri": ""
                      }
                    ],
                    "permission": "FULL_CONTROL"
                  }
                ],
                "owner": [
                  {
                    "display_name": "isc-cloudservices-admin+aws-ps-analytics-psom",
                    "id": "dfff2e03fceaaf2d3b6b2df3392a6f117946e3a6f6ec3e8241e9e9c696ca4a1e"
                  }
                ]
              }
            ],
            "acl": "private",
            "bucket": "d7cda8e4-c902-a3c0-71b3-0247f0f9a6ab",
            "expected_bucket_owner": "",
            "id": "d7cda8e4-c902-a3c0-71b3-0247f0f9a6ab,private"
          },
          "sensitive_attributes": [],
          "private": "bnVsbA==",
          "dependencies": [
            "aws_s3_bucket.lambda_bucket",
            "aws_s3_bucket_ownership_controls.lambda_bucket",
            "random_uuid.val"
          ]
        }
      ]
    },
    {
      "mode": "managed",
      "type": "aws_s3_bucket_notification",
      "name": "bucket_notification",
      "provider": "provider[\"registry.terraform.io/hashicorp/aws\"]",
      "instances": [
        {
          "schema_version": 0,
          "attributes": {
            "bucket": "i3h-dev-app-state-v2",
            "eventbridge": false,
            "id": "i3h-dev-app-state-v2",
            "lambda_function": [
              {
                "events": [
                  "s3:ObjectCreated:*"
                ],
                "filter_prefix": "",
                "filter_suffix": "",
                "id": "tf-s3-lambda-20240208153741996600000001",
                "lambda_function_arn": "arn:aws:lambda:us-east-1:537996532276:function:application-state-d7cda8e4-c902-a3c0-71b3-0247f0f9a6ab"
              }
            ],
            "queue": [],
            "topic": []
          },
          "sensitive_attributes": [],
          "private": "bnVsbA==",
          "dependencies": [
            "aws_dynamodb_table.applications_table",
            "aws_iam_role.iam_for_lambda",
            "aws_lambda_function.application_state",
            "aws_lambda_permission.allow_bucket",
            "aws_s3_bucket.lambda_bucket",
            "aws_s3_bucket.terraform_state",
            "aws_s3_object.application_state_lambda",
            "data.archive_file.application_state_lambda",
            "data.aws_iam_policy_document.assume_role",
            "random_uuid.val"
          ]
        }
      ]
    },
    {
      "mode": "managed",
      "type": "aws_s3_bucket_ownership_controls",
      "name": "lambda_bucket",
      "provider": "provider[\"registry.terraform.io/hashicorp/aws\"]",
      "instances": [
        {
          "schema_version": 0,
          "attributes": {
            "bucket": "d7cda8e4-c902-a3c0-71b3-0247f0f9a6ab",
            "id": "d7cda8e4-c902-a3c0-71b3-0247f0f9a6ab",
            "rule": [
              {
                "object_ownership": "BucketOwnerPreferred"
              }
            ]
          },
          "sensitive_attributes": [],
          "private": "bnVsbA==",
          "dependencies": [
            "aws_s3_bucket.lambda_bucket",
            "random_uuid.val"
          ]
        }
      ]
    },
    {
      "mode": "managed",
      "type": "aws_s3_bucket_versioning",
      "name": "terraform_state",
      "provider": "provider[\"registry.terraform.io/hashicorp/aws\"]",
      "instances": [
        {
          "schema_version": 0,
          "attributes": {
            "bucket": "i3h-dev-app-state-v2",
            "expected_bucket_owner": "",
            "id": "i3h-dev-app-state-v2",
            "mfa": null,
            "versioning_configuration": [
              {
                "mfa_delete": "",
                "status": "Enabled"
              }
            ]
          },
          "sensitive_attributes": [],
          "private": "bnVsbA==",
          "dependencies": [
            "aws_s3_bucket.terraform_state"
          ]
        }
      ]
    },
    {
      "mode": "managed",
      "type": "aws_s3_object",
      "name": "application_state_lambda",
      "provider": "provider[\"registry.terraform.io/hashicorp/aws\"]",
      "instances": [
        {
          "schema_version": 0,
          "attributes": {
            "acl": null,
            "bucket": "d7cda8e4-c902-a3c0-71b3-0247f0f9a6ab",
            "bucket_key_enabled": false,
            "cache_control": "",
            "checksum_algorithm": null,
            "checksum_crc32": "",
            "checksum_crc32c": "",
            "checksum_sha1": "",
            "checksum_sha256": "",
            "content": null,
            "content_base64": null,
            "content_disposition": "",
            "content_encoding": "",
            "content_language": "",
            "content_type": "application/octet-stream",
            "etag": "6c587d2f6700403d83934cc45fc8f119",
            "force_destroy": false,
            "id": "application-state-lambda.zip",
            "key": "application-state-lambda.zip",
            "kms_key_id": null,
            "metadata": {},
            "object_lock_legal_hold_status": "",
            "object_lock_mode": "",
            "object_lock_retain_until_date": "",
            "override_provider": [],
            "server_side_encryption": "AES256",
            "source": "./application-state-lambda.zip",
            "source_hash": null,
            "storage_class": "STANDARD",
            "tags": {},
            "tags_all": {},
            "version_id": "",
            "website_redirect": ""
          },
          "sensitive_attributes": [],
          "private": "bnVsbA==",
          "dependencies": [
            "aws_s3_bucket.lambda_bucket",
            "data.archive_file.application_state_lambda",
            "random_uuid.val"
          ]
        }
      ]
    },
    {
      "mode": "managed",
      "type": "random_uuid",
      "name": "val",
      "provider": "provider[\"registry.terraform.io/hashicorp/random\"]",
      "instances": [
        {
          "schema_version": 0,
          "attributes": {
            "id": "d7cda8e4-c902-a3c0-71b3-0247f0f9a6ab",
            "keepers": null,
            "result": "d7cda8e4-c902-a3c0-71b3-0247f0f9a6ab"
          },
          "sensitive_attributes": []
        }
      ]
    }
  ],
  "check_results": null
}
